// !$*UTF8*$!
{
	archiveVersion = 1;
	classes = {
	};
	objectVersion = 50;
	objects = {

/* Begin PBXBuildFile section */
		080A5B5F2589F233000EDCBA /* Day14DockingData.swift in Sources */ = {isa = PBXBuildFile; fileRef = 080A5B5E2589F233000EDCBA /* Day14DockingData.swift */; };
		080A5B622589F27F000EDCBA /* In2020D14.swift in Sources */ = {isa = PBXBuildFile; fileRef = 080A5B612589F27F000EDCBA /* In2020D14.swift */; };
		08198962258782EC005BDFD5 /* In2020D10.swift in Sources */ = {isa = PBXBuildFile; fileRef = 08198961258782EC005BDFD5 /* In2020D10.swift */; };
		0819896525878314005BDFD5 /* Day10AdapterArray.swift in Sources */ = {isa = PBXBuildFile; fileRef = 0819896425878314005BDFD5 /* Day10AdapterArray.swift */; };
		0819896C25879730005BDFD5 /* In2020D12.swift in Sources */ = {isa = PBXBuildFile; fileRef = 0819896B25879730005BDFD5 /* In2020D12.swift */; };
		0819896F25879797005BDFD5 /* Day12RainRisk.swift in Sources */ = {isa = PBXBuildFile; fileRef = 0819896E25879797005BDFD5 /* Day12RainRisk.swift */; };
		081989742587B9AB005BDFD5 /* In2020D13.swift in Sources */ = {isa = PBXBuildFile; fileRef = 081989732587B9AB005BDFD5 /* In2020D13.swift */; };
		081989772587BA1C005BDFD5 /* Day13ShuttleSearch.swift in Sources */ = {isa = PBXBuildFile; fileRef = 081989762587BA1C005BDFD5 /* Day13ShuttleSearch.swift */; };
		082B95D52578CCFD0059C418 /* Day03TobogganTrajectory.swift in Sources */ = {isa = PBXBuildFile; fileRef = 082B95D42578CCFD0059C418 /* Day03TobogganTrajectory.swift */; };
		082B95DA25793AE30059C418 /* FifteenDay01.swift in Sources */ = {isa = PBXBuildFile; fileRef = 082B95D925793AE30059C418 /* FifteenDay01.swift */; };
		082B95DD25793B040059C418 /* FifteenDay02.swift in Sources */ = {isa = PBXBuildFile; fileRef = 082B95DC25793B040059C418 /* FifteenDay02.swift */; };
		0830CF572755257B00F5292F /* In2015D09.swift in Sources */ = {isa = PBXBuildFile; fileRef = 0830CF562755257B00F5292F /* In2015D09.swift */; };
		0830CF59275525D200F5292F /* FifteenDay09.swift in Sources */ = {isa = PBXBuildFile; fileRef = 0830CF58275525D200F5292F /* FifteenDay09.swift */; };
		083CB2942395193400801C5D /* NineteenDay01.swift in Sources */ = {isa = PBXBuildFile; fileRef = 083CB2932395193400801C5D /* NineteenDay01.swift */; };
		0847E4B22768CC6B0046B7E4 /* In2021D11.swift in Sources */ = {isa = PBXBuildFile; fileRef = 0847E4B12768CC6B0046B7E4 /* In2021D11.swift */; };
		0847E4B42768CC890046B7E4 /* TwentyOneDay11.swift in Sources */ = {isa = PBXBuildFile; fileRef = 0847E4B32768CC890046B7E4 /* TwentyOneDay11.swift */; };
		085149C22756780D00D0DC9F /* In2015D01.swift in Sources */ = {isa = PBXBuildFile; fileRef = 085149C12756780D00D0DC9F /* In2015D01.swift */; };
		085149C42756781700D0DC9F /* In2015D02.swift in Sources */ = {isa = PBXBuildFile; fileRef = 085149C32756781700D0DC9F /* In2015D02.swift */; };
		085149CB27567B9900D0DC9F /* TwentyOneDay01.swift in Sources */ = {isa = PBXBuildFile; fileRef = 085149C927567B9900D0DC9F /* TwentyOneDay01.swift */; };
		085149CC27567B9900D0DC9F /* In2021D01.swift in Sources */ = {isa = PBXBuildFile; fileRef = 085149CA27567B9900D0DC9F /* In2021D01.swift */; };
		085209D7257F6A62007AD9FC /* Day08HandheldHalting.swift in Sources */ = {isa = PBXBuildFile; fileRef = 085209D6257F6A62007AD9FC /* Day08HandheldHalting.swift */; };
		08554AB62758D616009AE36B /* In2021D03.swift in Sources */ = {isa = PBXBuildFile; fileRef = 08554AB52758D616009AE36B /* In2021D03.swift */; };
		08554AB82758D63B009AE36B /* TwentyOneDay03.swift in Sources */ = {isa = PBXBuildFile; fileRef = 08554AB72758D63B009AE36B /* TwentyOneDay03.swift */; };
		085B7F37275F5CDB0096EA89 /* In2021D05.swift in Sources */ = {isa = PBXBuildFile; fileRef = 085B7F36275F5CDB0096EA89 /* In2021D05.swift */; };
		085B7F39275F5CE60096EA89 /* TwentyOneDay05.swift in Sources */ = {isa = PBXBuildFile; fileRef = 085B7F38275F5CE60096EA89 /* TwentyOneDay05.swift */; };
		085B7F3B275FB52D0096EA89 /* In2021D06.swift in Sources */ = {isa = PBXBuildFile; fileRef = 085B7F3A275FB52D0096EA89 /* In2021D06.swift */; };
		085B7F3D275FB5510096EA89 /* TwentyOneDay06.swift in Sources */ = {isa = PBXBuildFile; fileRef = 085B7F3C275FB5510096EA89 /* TwentyOneDay06.swift */; };
		086A21C2257A1EF6009A9D6F /* Day04PassportProcessing.swift in Sources */ = {isa = PBXBuildFile; fileRef = 086A21C1257A1EF6009A9D6F /* Day04PassportProcessing.swift */; };
		08747E8D257E1210000FA898 /* Day07LugaggeProcessing.swift in Sources */ = {isa = PBXBuildFile; fileRef = 08747E8C257E1210000FA898 /* Day07LugaggeProcessing.swift */; };
		0879749025777E010016B1A3 /* Day02PasswordPolicy.swift in Sources */ = {isa = PBXBuildFile; fileRef = 0879748F25777E010016B1A3 /* Day02PasswordPolicy.swift */; };
		087A386B276249C8007B68D0 /* In2021D09.swift in Sources */ = {isa = PBXBuildFile; fileRef = 087A386A276249C8007B68D0 /* In2021D09.swift */; };
		087A386D276249D5007B68D0 /* TwentyOneDay09.swift in Sources */ = {isa = PBXBuildFile; fileRef = 087A386C276249D5007B68D0 /* TwentyOneDay09.swift */; };
		0881448E257B74C1007B46C4 /* Day05BinaryBoarding.swift in Sources */ = {isa = PBXBuildFile; fileRef = 0881448D257B74C1007B46C4 /* Day05BinaryBoarding.swift */; };
		0885077E274D27CB00606E3C /* FifteenDay06.swift in Sources */ = {isa = PBXBuildFile; fileRef = 0885077D274D27CB00606E3C /* FifteenDay06.swift */; };
		08850780274D287200606E3C /* In2015D06.swift in Sources */ = {isa = PBXBuildFile; fileRef = 0885077F274D287200606E3C /* In2015D06.swift */; };
		08959FC223A3A42700A091C8 /* NineteenDay02.swift in Sources */ = {isa = PBXBuildFile; fileRef = 08959FC123A3A42700A091C8 /* NineteenDay02.swift */; };
		08959FC523A3A42C00A091C8 /* NineteenDay03.swift in Sources */ = {isa = PBXBuildFile; fileRef = 08959FC423A3A42C00A091C8 /* NineteenDay03.swift */; };
		08959FC823A3A43900A091C8 /* Utils.swift in Sources */ = {isa = PBXBuildFile; fileRef = 08959FC723A3A43800A091C8 /* Utils.swift */; };
		08A3172F2754E1410074A388 /* FifteenDay08.swift in Sources */ = {isa = PBXBuildFile; fileRef = 08A3172E2754E1410074A388 /* FifteenDay08.swift */; };
		08A7CBDC25762DD9009C502C /* Day01ExpenseReport.swift in Sources */ = {isa = PBXBuildFile; fileRef = 08A7CBDB25762DD9009C502C /* Day01ExpenseReport.swift */; };
		08AFDB8F238FF6C500E72EAF /* main.swift in Sources */ = {isa = PBXBuildFile; fileRef = 08AFDB8E238FF6C500E72EAF /* main.swift */; };
		08AFDB962390059A00E72EAF /* FifteenDay25.swift in Sources */ = {isa = PBXBuildFile; fileRef = 08AFDB952390059A00E72EAF /* FifteenDay25.swift */; };
		08BF442F239940A200674DEA /* NineteenDay04.swift in Sources */ = {isa = PBXBuildFile; fileRef = 08BF442E239940A200674DEA /* NineteenDay04.swift */; };
		08BF4445275A5FD9009EC8ED /* In2021D04.swift in Sources */ = {isa = PBXBuildFile; fileRef = 08BF4444275A5FD9009EC8ED /* In2021D04.swift */; };
		08BF4447275A5FF5009EC8ED /* TwentyOneDay04.swift in Sources */ = {isa = PBXBuildFile; fileRef = 08BF4446275A5FF5009EC8ED /* TwentyOneDay04.swift */; };
		08C09DCA275117E300F99711 /* In2015D07.swift in Sources */ = {isa = PBXBuildFile; fileRef = 08C09DC9275117E300F99711 /* In2015D07.swift */; };
		08C09DCC2751185D00F99711 /* FifteenDay07.swift in Sources */ = {isa = PBXBuildFile; fileRef = 08C09DCB2751185D00F99711 /* FifteenDay07.swift */; };
		08C19F2A2747DB9F000F5074 /* Day16TicketTranslation.swift in Sources */ = {isa = PBXBuildFile; fileRef = 08C19F292747DB9F000F5074 /* Day16TicketTranslation.swift */; };
		08C19F2C2747DBD5000F5074 /* In2020D16.swift in Sources */ = {isa = PBXBuildFile; fileRef = 08C19F2B2747DBD5000F5074 /* In2020D16.swift */; };
		08C4B653257D0CFE00301DE3 /* Day06CustomsDeclaration.swift in Sources */ = {isa = PBXBuildFile; fileRef = 08C4B652257D0CFE00301DE3 /* Day06CustomsDeclaration.swift */; };
		08C8785227638F2B00698F67 /* In2021D10.swift in Sources */ = {isa = PBXBuildFile; fileRef = 08C8785127638F2B00698F67 /* In2021D10.swift */; };
		08C8785427638F4100698F67 /* TwentyOneDay10.swift in Sources */ = {isa = PBXBuildFile; fileRef = 08C8785327638F4100698F67 /* TwentyOneDay10.swift */; };
		08CD39CF27578ACA0019674E /* In2021D02.swift in Sources */ = {isa = PBXBuildFile; fileRef = 08CD39CE27578ACA0019674E /* In2021D02.swift */; };
		08CD39D127578AD70019674E /* TwentyOneDay02.swift in Sources */ = {isa = PBXBuildFile; fileRef = 08CD39D027578AD70019674E /* TwentyOneDay02.swift */; };
		08CD39D327578BBB0019674E /* TemplateInput.swift in Sources */ = {isa = PBXBuildFile; fileRef = 08CD39D227578BBB0019674E /* TemplateInput.swift */; };
		08D0DF4B2760AE590015B22B /* In2021D07.swift in Sources */ = {isa = PBXBuildFile; fileRef = 08D0DF4A2760AE590015B22B /* In2021D07.swift */; };
		08D0DF4D2760AE8F0015B22B /* TwentyOneDay07.swift in Sources */ = {isa = PBXBuildFile; fileRef = 08D0DF4C2760AE8F0015B22B /* TwentyOneDay07.swift */; };
		08D0DF4F2760E1B40015B22B /* TwentyOneDay08.swift in Sources */ = {isa = PBXBuildFile; fileRef = 08D0DF4E2760E1B40015B22B /* TwentyOneDay08.swift */; };
		08D0DF512760E1F00015B22B /* In2021D08.swift in Sources */ = {isa = PBXBuildFile; fileRef = 08D0DF502760E1F00015B22B /* In2021D08.swift */; };
		08E1FD2425836A81009822D5 /* Day11SeatingSystem.swift in Sources */ = {isa = PBXBuildFile; fileRef = 08E1FD2325836A81009822D5 /* Day11SeatingSystem.swift */; };
		08E1FD2725836ABD009822D5 /* In2020D11.swift in Sources */ = {isa = PBXBuildFile; fileRef = 08E1FD2625836ABD009822D5 /* In2020D11.swift */; };
		08E93EA4274BAAF400BFFEA1 /* In2015D03.swift in Sources */ = {isa = PBXBuildFile; fileRef = 08E93EA3274BAAF400BFFEA1 /* In2015D03.swift */; };
		08E93EA6274BAB6500BFFEA1 /* FifteenDay03.swift in Sources */ = {isa = PBXBuildFile; fileRef = 08E93EA5274BAB6500BFFEA1 /* FifteenDay03.swift */; };
		08E93EBB274BD31200BFFEA1 /* FifteenDay04.swift in Sources */ = {isa = PBXBuildFile; fileRef = 08E93EBA274BD31200BFFEA1 /* FifteenDay04.swift */; };
		08E93EBD274BDBD900BFFEA1 /* In2015D05.swift in Sources */ = {isa = PBXBuildFile; fileRef = 08E93EBC274BDBD900BFFEA1 /* In2015D05.swift */; };
		08E93EBF274BDC7400BFFEA1 /* Template.swift in Sources */ = {isa = PBXBuildFile; fileRef = 08E93EBE274BDC7400BFFEA1 /* Template.swift */; };
		08E93EC1274BDC8E00BFFEA1 /* FifteenDay05.swift in Sources */ = {isa = PBXBuildFile; fileRef = 08E93EC0274BDC8E00BFFEA1 /* FifteenDay05.swift */; };
		08F03CCC258B6D1F007A7EE1 /* Day15RambunctiousRecitation.swift in Sources */ = {isa = PBXBuildFile; fileRef = 08F03CCB258B6D1F007A7EE1 /* Day15RambunctiousRecitation.swift */; };
		08F03CCF258B6D34007A7EE1 /* In2020D15.swift in Sources */ = {isa = PBXBuildFile; fileRef = 08F03CCE258B6D34007A7EE1 /* In2020D15.swift */; };
		08FAF9492580B85700D28B99 /* Day09EncodingError.swift in Sources */ = {isa = PBXBuildFile; fileRef = 08FAF9482580B85700D28B99 /* Day09EncodingError.swift */; };
		08FAF95E25810CBE00D28B99 /* In2020D09.swift in Sources */ = {isa = PBXBuildFile; fileRef = 08FAF95425810CBE00D28B99 /* In2020D09.swift */; };
		08FAF95F25810CBE00D28B99 /* In2020D01.swift in Sources */ = {isa = PBXBuildFile; fileRef = 08FAF95525810CBE00D28B99 /* In2020D01.swift */; };
		08FAF96125810CBE00D28B99 /* In2020D03.swift in Sources */ = {isa = PBXBuildFile; fileRef = 08FAF95725810CBE00D28B99 /* In2020D03.swift */; };
		08FAF96225810CBE00D28B99 /* In2020D02.swift in Sources */ = {isa = PBXBuildFile; fileRef = 08FAF95825810CBE00D28B99 /* In2020D02.swift */; };
		08FAF96325810CBE00D28B99 /* In2020D06.swift in Sources */ = {isa = PBXBuildFile; fileRef = 08FAF95925810CBE00D28B99 /* In2020D06.swift */; };
		08FAF96425810CBE00D28B99 /* In2020D04.swift in Sources */ = {isa = PBXBuildFile; fileRef = 08FAF95A25810CBE00D28B99 /* In2020D04.swift */; };
		08FAF96525810CBE00D28B99 /* In2020D07.swift in Sources */ = {isa = PBXBuildFile; fileRef = 08FAF95B25810CBE00D28B99 /* In2020D07.swift */; };
		08FAF96625810CBE00D28B99 /* In2020D05.swift in Sources */ = {isa = PBXBuildFile; fileRef = 08FAF95C25810CBE00D28B99 /* In2020D05.swift */; };
		08FAF96725810CBE00D28B99 /* In2020D08.swift in Sources */ = {isa = PBXBuildFile; fileRef = 08FAF95D25810CBE00D28B99 /* In2020D08.swift */; };
/* End PBXBuildFile section */

/* Begin PBXCopyFilesBuildPhase section */
		08AFDB89238FF6C500E72EAF /* CopyFiles */ = {
			isa = PBXCopyFilesBuildPhase;
			buildActionMask = 2147483647;
			dstPath = /usr/share/man/man1/;
			dstSubfolderSpec = 0;
			files = (
			);
			runOnlyForDeploymentPostprocessing = 1;
		};
/* End PBXCopyFilesBuildPhase section */

/* Begin PBXFileReference section */
		080A5B5E2589F233000EDCBA /* Day14DockingData.swift */ = {isa = PBXFileReference; lastKnownFileType = sourcecode.swift; path = Day14DockingData.swift; sourceTree = "<group>"; };
		080A5B612589F27F000EDCBA /* In2020D14.swift */ = {isa = PBXFileReference; lastKnownFileType = sourcecode.swift; path = In2020D14.swift; sourceTree = "<group>"; };
		08198961258782EC005BDFD5 /* In2020D10.swift */ = {isa = PBXFileReference; lastKnownFileType = sourcecode.swift; path = In2020D10.swift; sourceTree = "<group>"; };
		0819896425878314005BDFD5 /* Day10AdapterArray.swift */ = {isa = PBXFileReference; lastKnownFileType = sourcecode.swift; path = Day10AdapterArray.swift; sourceTree = "<group>"; };
		0819896B25879730005BDFD5 /* In2020D12.swift */ = {isa = PBXFileReference; lastKnownFileType = sourcecode.swift; path = In2020D12.swift; sourceTree = "<group>"; };
		0819896E25879797005BDFD5 /* Day12RainRisk.swift */ = {isa = PBXFileReference; lastKnownFileType = sourcecode.swift; path = Day12RainRisk.swift; sourceTree = "<group>"; };
		081989732587B9AB005BDFD5 /* In2020D13.swift */ = {isa = PBXFileReference; lastKnownFileType = sourcecode.swift; path = In2020D13.swift; sourceTree = "<group>"; };
		081989762587BA1C005BDFD5 /* Day13ShuttleSearch.swift */ = {isa = PBXFileReference; fileEncoding = 4; lastKnownFileType = sourcecode.swift; path = Day13ShuttleSearch.swift; sourceTree = "<group>"; };
		082B95D42578CCFD0059C418 /* Day03TobogganTrajectory.swift */ = {isa = PBXFileReference; lastKnownFileType = sourcecode.swift; path = Day03TobogganTrajectory.swift; sourceTree = "<group>"; };
		082B95D925793AE30059C418 /* FifteenDay01.swift */ = {isa = PBXFileReference; lastKnownFileType = sourcecode.swift; path = FifteenDay01.swift; sourceTree = "<group>"; };
		082B95DC25793B040059C418 /* FifteenDay02.swift */ = {isa = PBXFileReference; lastKnownFileType = sourcecode.swift; path = FifteenDay02.swift; sourceTree = "<group>"; };
		0830CF562755257B00F5292F /* In2015D09.swift */ = {isa = PBXFileReference; lastKnownFileType = sourcecode.swift; path = In2015D09.swift; sourceTree = "<group>"; };
		0830CF58275525D200F5292F /* FifteenDay09.swift */ = {isa = PBXFileReference; lastKnownFileType = sourcecode.swift; path = FifteenDay09.swift; sourceTree = "<group>"; };
		083CB2932395193400801C5D /* NineteenDay01.swift */ = {isa = PBXFileReference; lastKnownFileType = sourcecode.swift; path = NineteenDay01.swift; sourceTree = "<group>"; };
		0847E4B12768CC6B0046B7E4 /* In2021D11.swift */ = {isa = PBXFileReference; lastKnownFileType = sourcecode.swift; path = In2021D11.swift; sourceTree = "<group>"; };
		0847E4B32768CC890046B7E4 /* TwentyOneDay11.swift */ = {isa = PBXFileReference; lastKnownFileType = sourcecode.swift; path = TwentyOneDay11.swift; sourceTree = "<group>"; };
		085149C12756780D00D0DC9F /* In2015D01.swift */ = {isa = PBXFileReference; lastKnownFileType = sourcecode.swift; path = In2015D01.swift; sourceTree = "<group>"; };
		085149C32756781700D0DC9F /* In2015D02.swift */ = {isa = PBXFileReference; lastKnownFileType = sourcecode.swift; path = In2015D02.swift; sourceTree = "<group>"; };
		085149C927567B9900D0DC9F /* TwentyOneDay01.swift */ = {isa = PBXFileReference; fileEncoding = 4; lastKnownFileType = sourcecode.swift; path = TwentyOneDay01.swift; sourceTree = "<group>"; };
		085149CA27567B9900D0DC9F /* In2021D01.swift */ = {isa = PBXFileReference; fileEncoding = 4; lastKnownFileType = sourcecode.swift; path = In2021D01.swift; sourceTree = "<group>"; };
		085209D6257F6A62007AD9FC /* Day08HandheldHalting.swift */ = {isa = PBXFileReference; lastKnownFileType = sourcecode.swift; path = Day08HandheldHalting.swift; sourceTree = "<group>"; };
		08554AB52758D616009AE36B /* In2021D03.swift */ = {isa = PBXFileReference; lastKnownFileType = sourcecode.swift; path = In2021D03.swift; sourceTree = "<group>"; };
		08554AB72758D63B009AE36B /* TwentyOneDay03.swift */ = {isa = PBXFileReference; lastKnownFileType = sourcecode.swift; path = TwentyOneDay03.swift; sourceTree = "<group>"; };
		085B7F36275F5CDB0096EA89 /* In2021D05.swift */ = {isa = PBXFileReference; lastKnownFileType = sourcecode.swift; path = In2021D05.swift; sourceTree = "<group>"; };
		085B7F38275F5CE60096EA89 /* TwentyOneDay05.swift */ = {isa = PBXFileReference; lastKnownFileType = sourcecode.swift; path = TwentyOneDay05.swift; sourceTree = "<group>"; };
		085B7F3A275FB52D0096EA89 /* In2021D06.swift */ = {isa = PBXFileReference; lastKnownFileType = sourcecode.swift; path = In2021D06.swift; sourceTree = "<group>"; };
		085B7F3C275FB5510096EA89 /* TwentyOneDay06.swift */ = {isa = PBXFileReference; lastKnownFileType = sourcecode.swift; path = TwentyOneDay06.swift; sourceTree = "<group>"; };
		086A21C1257A1EF6009A9D6F /* Day04PassportProcessing.swift */ = {isa = PBXFileReference; lastKnownFileType = sourcecode.swift; path = Day04PassportProcessing.swift; sourceTree = "<group>"; };
		08747E8C257E1210000FA898 /* Day07LugaggeProcessing.swift */ = {isa = PBXFileReference; lastKnownFileType = sourcecode.swift; path = Day07LugaggeProcessing.swift; sourceTree = "<group>"; };
		0879748F25777E010016B1A3 /* Day02PasswordPolicy.swift */ = {isa = PBXFileReference; lastKnownFileType = sourcecode.swift; path = Day02PasswordPolicy.swift; sourceTree = "<group>"; };
		087A386A276249C8007B68D0 /* In2021D09.swift */ = {isa = PBXFileReference; lastKnownFileType = sourcecode.swift; path = In2021D09.swift; sourceTree = "<group>"; };
		087A386C276249D5007B68D0 /* TwentyOneDay09.swift */ = {isa = PBXFileReference; lastKnownFileType = sourcecode.swift; path = TwentyOneDay09.swift; sourceTree = "<group>"; };
		0881448D257B74C1007B46C4 /* Day05BinaryBoarding.swift */ = {isa = PBXFileReference; lastKnownFileType = sourcecode.swift; path = Day05BinaryBoarding.swift; sourceTree = "<group>"; };
		0885077D274D27CB00606E3C /* FifteenDay06.swift */ = {isa = PBXFileReference; lastKnownFileType = sourcecode.swift; path = FifteenDay06.swift; sourceTree = "<group>"; };
		0885077F274D287200606E3C /* In2015D06.swift */ = {isa = PBXFileReference; lastKnownFileType = sourcecode.swift; path = In2015D06.swift; sourceTree = "<group>"; };
		08959FC123A3A42700A091C8 /* NineteenDay02.swift */ = {isa = PBXFileReference; fileEncoding = 4; lastKnownFileType = sourcecode.swift; path = NineteenDay02.swift; sourceTree = "<group>"; };
		08959FC423A3A42C00A091C8 /* NineteenDay03.swift */ = {isa = PBXFileReference; fileEncoding = 4; lastKnownFileType = sourcecode.swift; path = NineteenDay03.swift; sourceTree = "<group>"; };
		08959FC723A3A43800A091C8 /* Utils.swift */ = {isa = PBXFileReference; fileEncoding = 4; lastKnownFileType = sourcecode.swift; path = Utils.swift; sourceTree = "<group>"; };
		08A3172E2754E1410074A388 /* FifteenDay08.swift */ = {isa = PBXFileReference; lastKnownFileType = sourcecode.swift; path = FifteenDay08.swift; sourceTree = "<group>"; };
		08A317302754E3430074A388 /* Input2015Day08.txt */ = {isa = PBXFileReference; lastKnownFileType = text; path = Input2015Day08.txt; sourceTree = "<group>"; };
		08A317312754E3660074A388 /* Input2015Day08Debug.txt */ = {isa = PBXFileReference; lastKnownFileType = text; path = Input2015Day08Debug.txt; sourceTree = "<group>"; };
		08A7CBDB25762DD9009C502C /* Day01ExpenseReport.swift */ = {isa = PBXFileReference; lastKnownFileType = sourcecode.swift; path = Day01ExpenseReport.swift; sourceTree = "<group>"; };
		08AFDB8B238FF6C500E72EAF /* AdventOfCode */ = {isa = PBXFileReference; explicitFileType = "compiled.mach-o.executable"; includeInIndex = 0; path = AdventOfCode; sourceTree = BUILT_PRODUCTS_DIR; };
		08AFDB8E238FF6C500E72EAF /* main.swift */ = {isa = PBXFileReference; lastKnownFileType = sourcecode.swift; path = main.swift; sourceTree = "<group>"; };
		08AFDB952390059A00E72EAF /* FifteenDay25.swift */ = {isa = PBXFileReference; lastKnownFileType = sourcecode.swift; path = FifteenDay25.swift; sourceTree = "<group>"; };
		08BF442E239940A200674DEA /* NineteenDay04.swift */ = {isa = PBXFileReference; lastKnownFileType = sourcecode.swift; path = NineteenDay04.swift; sourceTree = "<group>"; };
		08BF4444275A5FD9009EC8ED /* In2021D04.swift */ = {isa = PBXFileReference; lastKnownFileType = sourcecode.swift; path = In2021D04.swift; sourceTree = "<group>"; };
		08BF4446275A5FF5009EC8ED /* TwentyOneDay04.swift */ = {isa = PBXFileReference; lastKnownFileType = sourcecode.swift; path = TwentyOneDay04.swift; sourceTree = "<group>"; };
		08C09DC9275117E300F99711 /* In2015D07.swift */ = {isa = PBXFileReference; lastKnownFileType = sourcecode.swift; path = In2015D07.swift; sourceTree = "<group>"; };
		08C09DCB2751185D00F99711 /* FifteenDay07.swift */ = {isa = PBXFileReference; lastKnownFileType = sourcecode.swift; path = FifteenDay07.swift; sourceTree = "<group>"; };
		08C19F292747DB9F000F5074 /* Day16TicketTranslation.swift */ = {isa = PBXFileReference; fileEncoding = 4; lastKnownFileType = sourcecode.swift; path = Day16TicketTranslation.swift; sourceTree = "<group>"; };
		08C19F2B2747DBD5000F5074 /* In2020D16.swift */ = {isa = PBXFileReference; fileEncoding = 4; lastKnownFileType = sourcecode.swift; path = In2020D16.swift; sourceTree = "<group>"; };
		08C4B652257D0CFE00301DE3 /* Day06CustomsDeclaration.swift */ = {isa = PBXFileReference; lastKnownFileType = sourcecode.swift; path = Day06CustomsDeclaration.swift; sourceTree = "<group>"; };
		08C4B65B257DA0D700301DE3 /* Day06customs.txt */ = {isa = PBXFileReference; lastKnownFileType = text; path = Day06customs.txt; sourceTree = "<group>"; };
		08C8785127638F2B00698F67 /* In2021D10.swift */ = {isa = PBXFileReference; lastKnownFileType = sourcecode.swift; path = In2021D10.swift; sourceTree = "<group>"; };
		08C8785327638F4100698F67 /* TwentyOneDay10.swift */ = {isa = PBXFileReference; lastKnownFileType = sourcecode.swift; path = TwentyOneDay10.swift; sourceTree = "<group>"; };
		08CD39CE27578ACA0019674E /* In2021D02.swift */ = {isa = PBXFileReference; lastKnownFileType = sourcecode.swift; path = In2021D02.swift; sourceTree = "<group>"; };
		08CD39D027578AD70019674E /* TwentyOneDay02.swift */ = {isa = PBXFileReference; lastKnownFileType = sourcecode.swift; path = TwentyOneDay02.swift; sourceTree = "<group>"; };
		08CD39D227578BBB0019674E /* TemplateInput.swift */ = {isa = PBXFileReference; lastKnownFileType = sourcecode.swift; path = TemplateInput.swift; sourceTree = "<group>"; };
		08D0DF4A2760AE590015B22B /* In2021D07.swift */ = {isa = PBXFileReference; lastKnownFileType = sourcecode.swift; path = In2021D07.swift; sourceTree = "<group>"; };
		08D0DF4C2760AE8F0015B22B /* TwentyOneDay07.swift */ = {isa = PBXFileReference; lastKnownFileType = sourcecode.swift; path = TwentyOneDay07.swift; sourceTree = "<group>"; };
		08D0DF4E2760E1B40015B22B /* TwentyOneDay08.swift */ = {isa = PBXFileReference; lastKnownFileType = sourcecode.swift; path = TwentyOneDay08.swift; sourceTree = "<group>"; };
		08D0DF502760E1F00015B22B /* In2021D08.swift */ = {isa = PBXFileReference; lastKnownFileType = sourcecode.swift; path = In2021D08.swift; sourceTree = "<group>"; };
		08E1FD2325836A81009822D5 /* Day11SeatingSystem.swift */ = {isa = PBXFileReference; lastKnownFileType = sourcecode.swift; path = Day11SeatingSystem.swift; sourceTree = "<group>"; };
		08E1FD2625836ABD009822D5 /* In2020D11.swift */ = {isa = PBXFileReference; lastKnownFileType = sourcecode.swift; path = In2020D11.swift; sourceTree = "<group>"; };
		08E93EA3274BAAF400BFFEA1 /* In2015D03.swift */ = {isa = PBXFileReference; lastKnownFileType = sourcecode.swift; path = In2015D03.swift; sourceTree = "<group>"; };
		08E93EA5274BAB6500BFFEA1 /* FifteenDay03.swift */ = {isa = PBXFileReference; lastKnownFileType = sourcecode.swift; path = FifteenDay03.swift; sourceTree = "<group>"; };
		08E93EBA274BD31200BFFEA1 /* FifteenDay04.swift */ = {isa = PBXFileReference; lastKnownFileType = sourcecode.swift; path = FifteenDay04.swift; sourceTree = "<group>"; };
		08E93EBC274BDBD900BFFEA1 /* In2015D05.swift */ = {isa = PBXFileReference; lastKnownFileType = sourcecode.swift; path = In2015D05.swift; sourceTree = "<group>"; };
		08E93EBE274BDC7400BFFEA1 /* Template.swift */ = {isa = PBXFileReference; lastKnownFileType = sourcecode.swift; path = Template.swift; sourceTree = "<group>"; };
		08E93EC0274BDC8E00BFFEA1 /* FifteenDay05.swift */ = {isa = PBXFileReference; lastKnownFileType = sourcecode.swift; path = FifteenDay05.swift; sourceTree = "<group>"; };
		08F03CCB258B6D1F007A7EE1 /* Day15RambunctiousRecitation.swift */ = {isa = PBXFileReference; lastKnownFileType = sourcecode.swift; path = Day15RambunctiousRecitation.swift; sourceTree = "<group>"; };
		08F03CCE258B6D34007A7EE1 /* In2020D15.swift */ = {isa = PBXFileReference; fileEncoding = 4; lastKnownFileType = sourcecode.swift; path = In2020D15.swift; sourceTree = "<group>"; };
		08FAF9482580B85700D28B99 /* Day09EncodingError.swift */ = {isa = PBXFileReference; lastKnownFileType = sourcecode.swift; path = Day09EncodingError.swift; sourceTree = "<group>"; };
		08FAF95425810CBE00D28B99 /* In2020D09.swift */ = {isa = PBXFileReference; fileEncoding = 4; lastKnownFileType = sourcecode.swift; path = In2020D09.swift; sourceTree = "<group>"; };
		08FAF95525810CBE00D28B99 /* In2020D01.swift */ = {isa = PBXFileReference; fileEncoding = 4; lastKnownFileType = sourcecode.swift; path = In2020D01.swift; sourceTree = "<group>"; };
		08FAF95725810CBE00D28B99 /* In2020D03.swift */ = {isa = PBXFileReference; fileEncoding = 4; lastKnownFileType = sourcecode.swift; path = In2020D03.swift; sourceTree = "<group>"; };
		08FAF95825810CBE00D28B99 /* In2020D02.swift */ = {isa = PBXFileReference; fileEncoding = 4; lastKnownFileType = sourcecode.swift; path = In2020D02.swift; sourceTree = "<group>"; };
		08FAF95925810CBE00D28B99 /* In2020D06.swift */ = {isa = PBXFileReference; fileEncoding = 4; lastKnownFileType = sourcecode.swift; path = In2020D06.swift; sourceTree = "<group>"; };
		08FAF95A25810CBE00D28B99 /* In2020D04.swift */ = {isa = PBXFileReference; fileEncoding = 4; lastKnownFileType = sourcecode.swift; path = In2020D04.swift; sourceTree = "<group>"; };
		08FAF95B25810CBE00D28B99 /* In2020D07.swift */ = {isa = PBXFileReference; fileEncoding = 4; lastKnownFileType = sourcecode.swift; path = In2020D07.swift; sourceTree = "<group>"; };
		08FAF95C25810CBE00D28B99 /* In2020D05.swift */ = {isa = PBXFileReference; fileEncoding = 4; lastKnownFileType = sourcecode.swift; path = In2020D05.swift; sourceTree = "<group>"; };
		08FAF95D25810CBE00D28B99 /* In2020D08.swift */ = {isa = PBXFileReference; fileEncoding = 4; lastKnownFileType = sourcecode.swift; path = In2020D08.swift; sourceTree = "<group>"; };
/* End PBXFileReference section */

/* Begin PBXFrameworksBuildPhase section */
		08AFDB88238FF6C500E72EAF /* Frameworks */ = {
			isa = PBXFrameworksBuildPhase;
			buildActionMask = 2147483647;
			files = (
			);
			runOnlyForDeploymentPostprocessing = 0;
		};
/* End PBXFrameworksBuildPhase section */

/* Begin PBXGroup section */
		083CB2952395193B00801C5D /* 2019 */ = {
			isa = PBXGroup;
			children = (
				083CB2932395193400801C5D /* NineteenDay01.swift */,
				08959FC123A3A42700A091C8 /* NineteenDay02.swift */,
				08959FC423A3A42C00A091C8 /* NineteenDay03.swift */,
				08BF442E239940A200674DEA /* NineteenDay04.swift */,
			);
			path = 2019;
			sourceTree = "<group>";
		};
		085149C52756781B00D0DC9F /* Inputs */ = {
			isa = PBXGroup;
			children = (
				085149C12756780D00D0DC9F /* In2015D01.swift */,
				085149C32756781700D0DC9F /* In2015D02.swift */,
				08E93EA3274BAAF400BFFEA1 /* In2015D03.swift */,
				08E93EBC274BDBD900BFFEA1 /* In2015D05.swift */,
				0885077F274D287200606E3C /* In2015D06.swift */,
				08C09DC9275117E300F99711 /* In2015D07.swift */,
				0830CF562755257B00F5292F /* In2015D09.swift */,
			);
			path = Inputs;
			sourceTree = "<group>";
		};
		085149C627567AD800D0DC9F /* Inputs */ = {
			isa = PBXGroup;
			children = (
				08FAF95525810CBE00D28B99 /* In2020D01.swift */,
				08FAF95825810CBE00D28B99 /* In2020D02.swift */,
				08FAF95725810CBE00D28B99 /* In2020D03.swift */,
				08FAF95A25810CBE00D28B99 /* In2020D04.swift */,
				08FAF95C25810CBE00D28B99 /* In2020D05.swift */,
				08FAF95925810CBE00D28B99 /* In2020D06.swift */,
				08FAF95B25810CBE00D28B99 /* In2020D07.swift */,
				08FAF95D25810CBE00D28B99 /* In2020D08.swift */,
				08FAF95425810CBE00D28B99 /* In2020D09.swift */,
				08198961258782EC005BDFD5 /* In2020D10.swift */,
				08E1FD2625836ABD009822D5 /* In2020D11.swift */,
				0819896B25879730005BDFD5 /* In2020D12.swift */,
				081989732587B9AB005BDFD5 /* In2020D13.swift */,
				080A5B612589F27F000EDCBA /* In2020D14.swift */,
				08F03CCE258B6D34007A7EE1 /* In2020D15.swift */,
				08C19F2B2747DBD5000F5074 /* In2020D16.swift */,
			);
			path = Inputs;
			sourceTree = "<group>";
		};
		085149CD27567BA100D0DC9F /* 2021 */ = {
			isa = PBXGroup;
			children = (
				085149CE27567BB500D0DC9F /* Inputs */,
				085149C927567B9900D0DC9F /* TwentyOneDay01.swift */,
				08CD39D027578AD70019674E /* TwentyOneDay02.swift */,
				08554AB72758D63B009AE36B /* TwentyOneDay03.swift */,
				08BF4446275A5FF5009EC8ED /* TwentyOneDay04.swift */,
				085B7F38275F5CE60096EA89 /* TwentyOneDay05.swift */,
				085B7F3C275FB5510096EA89 /* TwentyOneDay06.swift */,
				08D0DF4C2760AE8F0015B22B /* TwentyOneDay07.swift */,
				08D0DF4E2760E1B40015B22B /* TwentyOneDay08.swift */,
				087A386C276249D5007B68D0 /* TwentyOneDay09.swift */,
				08C8785327638F4100698F67 /* TwentyOneDay10.swift */,
				0847E4B32768CC890046B7E4 /* TwentyOneDay11.swift */,
			);
			path = 2021;
			sourceTree = "<group>";
		};
		085149CE27567BB500D0DC9F /* Inputs */ = {
			isa = PBXGroup;
			children = (
				085149CA27567B9900D0DC9F /* In2021D01.swift */,
				08CD39CE27578ACA0019674E /* In2021D02.swift */,
				08554AB52758D616009AE36B /* In2021D03.swift */,
				08BF4444275A5FD9009EC8ED /* In2021D04.swift */,
				085B7F36275F5CDB0096EA89 /* In2021D05.swift */,
				085B7F3A275FB52D0096EA89 /* In2021D06.swift */,
				08D0DF4A2760AE590015B22B /* In2021D07.swift */,
				08D0DF502760E1F00015B22B /* In2021D08.swift */,
				087A386A276249C8007B68D0 /* In2021D09.swift */,
				08C8785127638F2B00698F67 /* In2021D10.swift */,
				0847E4B12768CC6B0046B7E4 /* In2021D11.swift */,
			);
			path = Inputs;
			sourceTree = "<group>";
		};
		08A7CBD525762BC3009C502C /* 2020 */ = {
			isa = PBXGroup;
			children = (
				085149C627567AD800D0DC9F /* Inputs */,
				08C4B65B257DA0D700301DE3 /* Day06customs.txt */,
				08A7CBDB25762DD9009C502C /* Day01ExpenseReport.swift */,
				0879748F25777E010016B1A3 /* Day02PasswordPolicy.swift */,
				082B95D42578CCFD0059C418 /* Day03TobogganTrajectory.swift */,
				086A21C1257A1EF6009A9D6F /* Day04PassportProcessing.swift */,
				0881448D257B74C1007B46C4 /* Day05BinaryBoarding.swift */,
				08C4B652257D0CFE00301DE3 /* Day06CustomsDeclaration.swift */,
				08747E8C257E1210000FA898 /* Day07LugaggeProcessing.swift */,
				085209D6257F6A62007AD9FC /* Day08HandheldHalting.swift */,
				08FAF9482580B85700D28B99 /* Day09EncodingError.swift */,
				0819896425878314005BDFD5 /* Day10AdapterArray.swift */,
				08E1FD2325836A81009822D5 /* Day11SeatingSystem.swift */,
				0819896E25879797005BDFD5 /* Day12RainRisk.swift */,
				081989762587BA1C005BDFD5 /* Day13ShuttleSearch.swift */,
				080A5B5E2589F233000EDCBA /* Day14DockingData.swift */,
				08F03CCB258B6D1F007A7EE1 /* Day15RambunctiousRecitation.swift */,
				08C19F292747DB9F000F5074 /* Day16TicketTranslation.swift */,
			);
			path = 2020;
			sourceTree = "<group>";
		};
		08AFDB82238FF6C500E72EAF = {
			isa = PBXGroup;
			children = (
				08AFDB8D238FF6C500E72EAF /* AdventOfCode */,
				08AFDB8C238FF6C500E72EAF /* Products */,
			);
			sourceTree = "<group>";
		};
		08AFDB8C238FF6C500E72EAF /* Products */ = {
			isa = PBXGroup;
			children = (
				08AFDB8B238FF6C500E72EAF /* AdventOfCode */,
			);
			name = Products;
			sourceTree = "<group>";
		};
		08AFDB8D238FF6C500E72EAF /* AdventOfCode */ = {
			isa = PBXGroup;
			children = (
				08AFDB8E238FF6C500E72EAF /* main.swift */,
				08959FC723A3A43800A091C8 /* Utils.swift */,
				08E93EBE274BDC7400BFFEA1 /* Template.swift */,
				08CD39D227578BBB0019674E /* TemplateInput.swift */,
				08AFDB97239005B800E72EAF /* 2015 */,
				083CB2952395193B00801C5D /* 2019 */,
				08A7CBD525762BC3009C502C /* 2020 */,
				085149CD27567BA100D0DC9F /* 2021 */,
			);
			path = AdventOfCode;
			sourceTree = "<group>";
		};
		08AFDB97239005B800E72EAF /* 2015 */ = {
			isa = PBXGroup;
			children = (
				085149C52756781B00D0DC9F /* Inputs */,
				082B95D925793AE30059C418 /* FifteenDay01.swift */,
				082B95DC25793B040059C418 /* FifteenDay02.swift */,
				08E93EA5274BAB6500BFFEA1 /* FifteenDay03.swift */,
				08E93EBA274BD31200BFFEA1 /* FifteenDay04.swift */,
				08E93EC0274BDC8E00BFFEA1 /* FifteenDay05.swift */,
				0885077D274D27CB00606E3C /* FifteenDay06.swift */,
				08C09DCB2751185D00F99711 /* FifteenDay07.swift */,
				08A3172E2754E1410074A388 /* FifteenDay08.swift */,
				08A317302754E3430074A388 /* Input2015Day08.txt */,
				08A317312754E3660074A388 /* Input2015Day08Debug.txt */,
				0830CF58275525D200F5292F /* FifteenDay09.swift */,
				08AFDB952390059A00E72EAF /* FifteenDay25.swift */,
			);
			path = 2015;
			sourceTree = "<group>";
		};
/* End PBXGroup section */

/* Begin PBXNativeTarget section */
		08AFDB8A238FF6C500E72EAF /* AdventOfCode */ = {
			isa = PBXNativeTarget;
			buildConfigurationList = 08AFDB92238FF6C500E72EAF /* Build configuration list for PBXNativeTarget "AdventOfCode" */;
			buildPhases = (
				08AFDB87238FF6C500E72EAF /* Sources */,
				08AFDB88238FF6C500E72EAF /* Frameworks */,
				08AFDB89238FF6C500E72EAF /* CopyFiles */,
			);
			buildRules = (
			);
			dependencies = (
			);
			name = AdventOfCode;
			productName = AdventOfCode;
			productReference = 08AFDB8B238FF6C500E72EAF /* AdventOfCode */;
			productType = "com.apple.product-type.tool";
		};
/* End PBXNativeTarget section */

/* Begin PBXProject section */
		08AFDB83238FF6C500E72EAF /* Project object */ = {
			isa = PBXProject;
			attributes = {
				LastSwiftUpdateCheck = 1310;
				LastUpgradeCheck = 1220;
				ORGANIZATIONNAME = "Pereira Orlando";
				TargetAttributes = {
					08AFDB8A238FF6C500E72EAF = {
						CreatedOnToolsVersion = 11.2.1;
					};
				};
			};
			buildConfigurationList = 08AFDB86238FF6C500E72EAF /* Build configuration list for PBXProject "AdventOfCode" */;
			compatibilityVersion = "Xcode 9.3";
			developmentRegion = en;
			hasScannedForEncodings = 0;
			knownRegions = (
				en,
				Base,
			);
			mainGroup = 08AFDB82238FF6C500E72EAF;
			productRefGroup = 08AFDB8C238FF6C500E72EAF /* Products */;
			projectDirPath = "";
			projectRoot = "";
			targets = (
				08AFDB8A238FF6C500E72EAF /* AdventOfCode */,
			);
		};
/* End PBXProject section */

/* Begin PBXSourcesBuildPhase section */
		08AFDB87238FF6C500E72EAF /* Sources */ = {
			isa = PBXSourcesBuildPhase;
			buildActionMask = 2147483647;
			files = (
				08FAF96125810CBE00D28B99 /* In2020D03.swift in Sources */,
				085B7F3D275FB5510096EA89 /* TwentyOneDay06.swift in Sources */,
				08C4B653257D0CFE00301DE3 /* Day06CustomsDeclaration.swift in Sources */,
				08BF442F239940A200674DEA /* NineteenDay04.swift in Sources */,
				08E93EC1274BDC8E00BFFEA1 /* FifteenDay05.swift in Sources */,
				082B95D52578CCFD0059C418 /* Day03TobogganTrajectory.swift in Sources */,
				08747E8D257E1210000FA898 /* Day07LugaggeProcessing.swift in Sources */,
				08CD39D327578BBB0019674E /* TemplateInput.swift in Sources */,
				08E93EBF274BDC7400BFFEA1 /* Template.swift in Sources */,
				087A386D276249D5007B68D0 /* TwentyOneDay09.swift in Sources */,
				08D0DF512760E1F00015B22B /* In2021D08.swift in Sources */,
				085B7F39275F5CE60096EA89 /* TwentyOneDay05.swift in Sources */,
				08FAF96625810CBE00D28B99 /* In2020D05.swift in Sources */,
				08E1FD2725836ABD009822D5 /* In2020D11.swift in Sources */,
				085209D7257F6A62007AD9FC /* Day08HandheldHalting.swift in Sources */,
				08198962258782EC005BDFD5 /* In2020D10.swift in Sources */,
				08A7CBDC25762DD9009C502C /* Day01ExpenseReport.swift in Sources */,
				08D0DF4B2760AE590015B22B /* In2021D07.swift in Sources */,
				08E93EBB274BD31200BFFEA1 /* FifteenDay04.swift in Sources */,
				0847E4B42768CC890046B7E4 /* TwentyOneDay11.swift in Sources */,
				08BF4445275A5FD9009EC8ED /* In2021D04.swift in Sources */,
				086A21C2257A1EF6009A9D6F /* Day04PassportProcessing.swift in Sources */,
				08C8785427638F4100698F67 /* TwentyOneDay10.swift in Sources */,
				085149C42756781700D0DC9F /* In2015D02.swift in Sources */,
				08F03CCF258B6D34007A7EE1 /* In2020D15.swift in Sources */,
				08CD39CF27578ACA0019674E /* In2021D02.swift in Sources */,
				08FAF96525810CBE00D28B99 /* In2020D07.swift in Sources */,
				08E93EBD274BDBD900BFFEA1 /* In2015D05.swift in Sources */,
				080A5B622589F27F000EDCBA /* In2020D14.swift in Sources */,
				08C8785227638F2B00698F67 /* In2021D10.swift in Sources */,
				08554AB62758D616009AE36B /* In2021D03.swift in Sources */,
				0830CF59275525D200F5292F /* FifteenDay09.swift in Sources */,
				08959FC223A3A42700A091C8 /* NineteenDay02.swift in Sources */,
				085B7F37275F5CDB0096EA89 /* In2021D05.swift in Sources */,
				08AFDB8F238FF6C500E72EAF /* main.swift in Sources */,
				0819896C25879730005BDFD5 /* In2020D12.swift in Sources */,
				08C19F2A2747DB9F000F5074 /* Day16TicketTranslation.swift in Sources */,
				0879749025777E010016B1A3 /* Day02PasswordPolicy.swift in Sources */,
				085149CC27567B9900D0DC9F /* In2021D01.swift in Sources */,
				081989742587B9AB005BDFD5 /* In2020D13.swift in Sources */,
				08959FC823A3A43900A091C8 /* Utils.swift in Sources */,
				082B95DA25793AE30059C418 /* FifteenDay01.swift in Sources */,
				0830CF572755257B00F5292F /* In2015D09.swift in Sources */,
				0819896525878314005BDFD5 /* Day10AdapterArray.swift in Sources */,
				0881448E257B74C1007B46C4 /* Day05BinaryBoarding.swift in Sources */,
				08D0DF4D2760AE8F0015B22B /* TwentyOneDay07.swift in Sources */,
				08554AB82758D63B009AE36B /* TwentyOneDay03.swift in Sources */,
				08959FC523A3A42C00A091C8 /* NineteenDay03.swift in Sources */,
				082B95DD25793B040059C418 /* FifteenDay02.swift in Sources */,
				08AFDB962390059A00E72EAF /* FifteenDay25.swift in Sources */,
				081989772587BA1C005BDFD5 /* Day13ShuttleSearch.swift in Sources */,
				0885077E274D27CB00606E3C /* FifteenDay06.swift in Sources */,
				08FAF95F25810CBE00D28B99 /* In2020D01.swift in Sources */,
				08FAF95E25810CBE00D28B99 /* In2020D09.swift in Sources */,
				08FAF96325810CBE00D28B99 /* In2020D06.swift in Sources */,
				08BF4447275A5FF5009EC8ED /* TwentyOneDay04.swift in Sources */,
				08F03CCC258B6D1F007A7EE1 /* Day15RambunctiousRecitation.swift in Sources */,
				08E1FD2425836A81009822D5 /* Day11SeatingSystem.swift in Sources */,
				08FAF96225810CBE00D28B99 /* In2020D02.swift in Sources */,
				08FAF96425810CBE00D28B99 /* In2020D04.swift in Sources */,
				085B7F3B275FB52D0096EA89 /* In2021D06.swift in Sources */,
				08E93EA6274BAB6500BFFEA1 /* FifteenDay03.swift in Sources */,
				0819896F25879797005BDFD5 /* Day12RainRisk.swift in Sources */,
				08FAF96725810CBE00D28B99 /* In2020D08.swift in Sources */,
				08C09DCA275117E300F99711 /* In2015D07.swift in Sources */,
				08C19F2C2747DBD5000F5074 /* In2020D16.swift in Sources */,
				080A5B5F2589F233000EDCBA /* Day14DockingData.swift in Sources */,
				085149C22756780D00D0DC9F /* In2015D01.swift in Sources */,
				085149CB27567B9900D0DC9F /* TwentyOneDay01.swift in Sources */,
				08E93EA4274BAAF400BFFEA1 /* In2015D03.swift in Sources */,
				083CB2942395193400801C5D /* NineteenDay01.swift in Sources */,
				0847E4B22768CC6B0046B7E4 /* In2021D11.swift in Sources */,
				08D0DF4F2760E1B40015B22B /* TwentyOneDay08.swift in Sources */,
				08A3172F2754E1410074A388 /* FifteenDay08.swift in Sources */,
				087A386B276249C8007B68D0 /* In2021D09.swift in Sources */,
				08CD39D127578AD70019674E /* TwentyOneDay02.swift in Sources */,
				08C09DCC2751185D00F99711 /* FifteenDay07.swift in Sources */,
				08FAF9492580B85700D28B99 /* Day09EncodingError.swift in Sources */,
				08850780274D287200606E3C /* In2015D06.swift in Sources */,
			);
			runOnlyForDeploymentPostprocessing = 0;
		};
/* End PBXSourcesBuildPhase section */

/* Begin XCBuildConfiguration section */
		08AFDB90238FF6C500E72EAF /* Debug */ = {
			isa = XCBuildConfiguration;
			buildSettings = {
				ALWAYS_SEARCH_USER_PATHS = NO;
				CLANG_ANALYZER_NONNULL = YES;
				CLANG_ANALYZER_NUMBER_OBJECT_CONVERSION = YES_AGGRESSIVE;
				CLANG_CXX_LANGUAGE_STANDARD = "gnu++14";
				CLANG_CXX_LIBRARY = "libc++";
				CLANG_ENABLE_MODULES = YES;
				CLANG_ENABLE_OBJC_ARC = YES;
				CLANG_ENABLE_OBJC_WEAK = YES;
				CLANG_WARN_BLOCK_CAPTURE_AUTORELEASING = YES;
				CLANG_WARN_BOOL_CONVERSION = YES;
				CLANG_WARN_COMMA = YES;
				CLANG_WARN_CONSTANT_CONVERSION = YES;
				CLANG_WARN_DEPRECATED_OBJC_IMPLEMENTATIONS = YES;
				CLANG_WARN_DIRECT_OBJC_ISA_USAGE = YES_ERROR;
				CLANG_WARN_DOCUMENTATION_COMMENTS = YES;
				CLANG_WARN_EMPTY_BODY = YES;
				CLANG_WARN_ENUM_CONVERSION = YES;
				CLANG_WARN_INFINITE_RECURSION = YES;
				CLANG_WARN_INT_CONVERSION = YES;
				CLANG_WARN_NON_LITERAL_NULL_CONVERSION = YES;
				CLANG_WARN_OBJC_IMPLICIT_RETAIN_SELF = YES;
				CLANG_WARN_OBJC_LITERAL_CONVERSION = YES;
				CLANG_WARN_OBJC_ROOT_CLASS = YES_ERROR;
				CLANG_WARN_QUOTED_INCLUDE_IN_FRAMEWORK_HEADER = YES;
				CLANG_WARN_RANGE_LOOP_ANALYSIS = YES;
				CLANG_WARN_STRICT_PROTOTYPES = YES;
				CLANG_WARN_SUSPICIOUS_MOVE = YES;
				CLANG_WARN_UNGUARDED_AVAILABILITY = YES_AGGRESSIVE;
				CLANG_WARN_UNREACHABLE_CODE = YES;
				CLANG_WARN__DUPLICATE_METHOD_MATCH = YES;
				COPY_PHASE_STRIP = NO;
				DEBUG_INFORMATION_FORMAT = dwarf;
				ENABLE_STRICT_OBJC_MSGSEND = YES;
				ENABLE_TESTABILITY = YES;
				GCC_C_LANGUAGE_STANDARD = gnu11;
				GCC_DYNAMIC_NO_PIC = NO;
				GCC_NO_COMMON_BLOCKS = YES;
				GCC_OPTIMIZATION_LEVEL = 0;
				GCC_PREPROCESSOR_DEFINITIONS = (
					"DEBUG=1",
					"$(inherited)",
				);
				GCC_WARN_64_TO_32_BIT_CONVERSION = YES;
				GCC_WARN_ABOUT_RETURN_TYPE = YES_ERROR;
				GCC_WARN_UNDECLARED_SELECTOR = YES;
				GCC_WARN_UNINITIALIZED_AUTOS = YES_AGGRESSIVE;
				GCC_WARN_UNUSED_FUNCTION = YES;
				GCC_WARN_UNUSED_VARIABLE = YES;
				MACOSX_DEPLOYMENT_TARGET = 10.15;
				MTL_ENABLE_DEBUG_INFO = INCLUDE_SOURCE;
				MTL_FAST_MATH = YES;
				ONLY_ACTIVE_ARCH = YES;
				SDKROOT = macosx;
				SWIFT_ACTIVE_COMPILATION_CONDITIONS = DEBUG;
				SWIFT_OPTIMIZATION_LEVEL = "-Onone";
			};
			name = Debug;
		};
		08AFDB91238FF6C500E72EAF /* Release */ = {
			isa = XCBuildConfiguration;
			buildSettings = {
				ALWAYS_SEARCH_USER_PATHS = NO;
				CLANG_ANALYZER_NONNULL = YES;
				CLANG_ANALYZER_NUMBER_OBJECT_CONVERSION = YES_AGGRESSIVE;
				CLANG_CXX_LANGUAGE_STANDARD = "gnu++14";
				CLANG_CXX_LIBRARY = "libc++";
				CLANG_ENABLE_MODULES = YES;
				CLANG_ENABLE_OBJC_ARC = YES;
				CLANG_ENABLE_OBJC_WEAK = YES;
				CLANG_WARN_BLOCK_CAPTURE_AUTORELEASING = YES;
				CLANG_WARN_BOOL_CONVERSION = YES;
				CLANG_WARN_COMMA = YES;
				CLANG_WARN_CONSTANT_CONVERSION = YES;
				CLANG_WARN_DEPRECATED_OBJC_IMPLEMENTATIONS = YES;
				CLANG_WARN_DIRECT_OBJC_ISA_USAGE = YES_ERROR;
				CLANG_WARN_DOCUMENTATION_COMMENTS = YES;
				CLANG_WARN_EMPTY_BODY = YES;
				CLANG_WARN_ENUM_CONVERSION = YES;
				CLANG_WARN_INFINITE_RECURSION = YES;
				CLANG_WARN_INT_CONVERSION = YES;
				CLANG_WARN_NON_LITERAL_NULL_CONVERSION = YES;
				CLANG_WARN_OBJC_IMPLICIT_RETAIN_SELF = YES;
				CLANG_WARN_OBJC_LITERAL_CONVERSION = YES;
				CLANG_WARN_OBJC_ROOT_CLASS = YES_ERROR;
				CLANG_WARN_QUOTED_INCLUDE_IN_FRAMEWORK_HEADER = YES;
				CLANG_WARN_RANGE_LOOP_ANALYSIS = YES;
				CLANG_WARN_STRICT_PROTOTYPES = YES;
				CLANG_WARN_SUSPICIOUS_MOVE = YES;
				CLANG_WARN_UNGUARDED_AVAILABILITY = YES_AGGRESSIVE;
				CLANG_WARN_UNREACHABLE_CODE = YES;
				CLANG_WARN__DUPLICATE_METHOD_MATCH = YES;
				COPY_PHASE_STRIP = NO;
				DEBUG_INFORMATION_FORMAT = "dwarf-with-dsym";
				ENABLE_NS_ASSERTIONS = NO;
				ENABLE_STRICT_OBJC_MSGSEND = YES;
				ENABLE_TESTABILITY = YES;
				GCC_C_LANGUAGE_STANDARD = gnu11;
				GCC_NO_COMMON_BLOCKS = YES;
				GCC_WARN_64_TO_32_BIT_CONVERSION = YES;
				GCC_WARN_ABOUT_RETURN_TYPE = YES_ERROR;
				GCC_WARN_UNDECLARED_SELECTOR = YES;
				GCC_WARN_UNINITIALIZED_AUTOS = YES_AGGRESSIVE;
				GCC_WARN_UNUSED_FUNCTION = YES;
				GCC_WARN_UNUSED_VARIABLE = YES;
				MACOSX_DEPLOYMENT_TARGET = 10.15;
				MTL_ENABLE_DEBUG_INFO = NO;
				MTL_FAST_MATH = YES;
				ONLY_ACTIVE_ARCH = YES;
				SDKROOT = macosx;
				SWIFT_COMPILATION_MODE = wholemodule;
				SWIFT_OPTIMIZATION_LEVEL = "-O";
			};
			name = Release;
		};
		08AFDB93238FF6C500E72EAF /* Debug */ = {
			isa = XCBuildConfiguration;
			buildSettings = {
				CODE_SIGN_IDENTITY = "-";
				CODE_SIGN_STYLE = Automatic;
				PRODUCT_NAME = "$(TARGET_NAME)";
				SWIFT_VERSION = 5.0;
			};
			name = Debug;
		};
		08AFDB94238FF6C500E72EAF /* Release */ = {
			isa = XCBuildConfiguration;
			buildSettings = {
				CODE_SIGN_IDENTITY = "-";
				CODE_SIGN_STYLE = Automatic;
				PRODUCT_NAME = "$(TARGET_NAME)";
				SWIFT_VERSION = 5.0;
			};
			name = Release;
		};
/* End XCBuildConfiguration section */

/* Begin XCConfigurationList section */
		08AFDB86238FF6C500E72EAF /* Build configuration list for PBXProject "AdventOfCode" */ = {
			isa = XCConfigurationList;
			buildConfigurations = (
				08AFDB90238FF6C500E72EAF /* Debug */,
				08AFDB91238FF6C500E72EAF /* Release */,
			);
			defaultConfigurationIsVisible = 0;
			defaultConfigurationName = Release;
		};
		08AFDB92238FF6C500E72EAF /* Build configuration list for PBXNativeTarget "AdventOfCode" */ = {
			isa = XCConfigurationList;
			buildConfigurations = (
				08AFDB93238FF6C500E72EAF /* Debug */,
				08AFDB94238FF6C500E72EAF /* Release */,
			);
			defaultConfigurationIsVisible = 0;
			defaultConfigurationName = Release;
		};
/* End XCConfigurationList section */
	};
	rootObject = 08AFDB83238FF6C500E72EAF /* Project object */;
}
