// !$*UTF8*$!
{
	archiveVersion = 1;
	classes = {
	};
	objectVersion = 50;
	objects = {

/* Begin PBXBuildFile section */
		082B95D52578CCFD0059C418 /* TobogganTrajectory.swift in Sources */ = {isa = PBXBuildFile; fileRef = 082B95D42578CCFD0059C418 /* TobogganTrajectory.swift */; };
		082B95DA25793AE30059C418 /* fiftteenDayOne.swift in Sources */ = {isa = PBXBuildFile; fileRef = 082B95D925793AE30059C418 /* fiftteenDayOne.swift */; };
		082B95DD25793B040059C418 /* fiftteenDayTwo.swift in Sources */ = {isa = PBXBuildFile; fileRef = 082B95DC25793B040059C418 /* fiftteenDayTwo.swift */; };
		082B95E025793B3A0059C418 /* Inputs2015.swift in Sources */ = {isa = PBXBuildFile; fileRef = 082B95DF25793B3A0059C418 /* Inputs2015.swift */; };
		083CB2942395193400801C5D /* nineteenDayOne.swift in Sources */ = {isa = PBXBuildFile; fileRef = 083CB2932395193400801C5D /* nineteenDayOne.swift */; };
		086A21C2257A1EF6009A9D6F /* PassportProcessing.swift in Sources */ = {isa = PBXBuildFile; fileRef = 086A21C1257A1EF6009A9D6F /* PassportProcessing.swift */; };
		08719AC725764ADC00804E6D /* Inputs2020.swift in Sources */ = {isa = PBXBuildFile; fileRef = 08719AC625764ADC00804E6D /* Inputs2020.swift */; };
		0879749025777E010016B1A3 /* PasswordPolicy.swift in Sources */ = {isa = PBXBuildFile; fileRef = 0879748F25777E010016B1A3 /* PasswordPolicy.swift */; };
		0881448E257B74C1007B46C4 /* BinaryBoarding.swift in Sources */ = {isa = PBXBuildFile; fileRef = 0881448D257B74C1007B46C4 /* BinaryBoarding.swift */; };
		08959FC223A3A42700A091C8 /* nineteenDayTwo.swift in Sources */ = {isa = PBXBuildFile; fileRef = 08959FC123A3A42700A091C8 /* nineteenDayTwo.swift */; };
		08959FC523A3A42C00A091C8 /* nineteenDayThree.swift in Sources */ = {isa = PBXBuildFile; fileRef = 08959FC423A3A42C00A091C8 /* nineteenDayThree.swift */; };
		08959FC823A3A43900A091C8 /* Utils.swift in Sources */ = {isa = PBXBuildFile; fileRef = 08959FC723A3A43800A091C8 /* Utils.swift */; };
		08A7CBDC25762DD9009C502C /* ExpenseReport.swift in Sources */ = {isa = PBXBuildFile; fileRef = 08A7CBDB25762DD9009C502C /* ExpenseReport.swift */; };
		08AFDB8F238FF6C500E72EAF /* main.swift in Sources */ = {isa = PBXBuildFile; fileRef = 08AFDB8E238FF6C500E72EAF /* main.swift */; };
		08AFDB962390059A00E72EAF /* fifteenDayTwentyFive.swift in Sources */ = {isa = PBXBuildFile; fileRef = 08AFDB952390059A00E72EAF /* fifteenDayTwentyFive.swift */; };
		08BF442F239940A200674DEA /* nineteenDayFour.swift in Sources */ = {isa = PBXBuildFile; fileRef = 08BF442E239940A200674DEA /* nineteenDayFour.swift */; };
/* End PBXBuildFile section */

/* Begin PBXCopyFilesBuildPhase section */
		08AFDB89238FF6C500E72EAF /* CopyFiles */ = {
			isa = PBXCopyFilesBuildPhase;
			buildActionMask = 2147483647;
			dstPath = /usr/share/man/man1/;
			dstSubfolderSpec = 0;
			files = (
			);
			runOnlyForDeploymentPostprocessing = 1;
		};
/* End PBXCopyFilesBuildPhase section */

/* Begin PBXFileReference section */
		082B95D42578CCFD0059C418 /* TobogganTrajectory.swift */ = {isa = PBXFileReference; lastKnownFileType = sourcecode.swift; path = TobogganTrajectory.swift; sourceTree = "<group>"; };
		082B95D925793AE30059C418 /* fiftteenDayOne.swift */ = {isa = PBXFileReference; lastKnownFileType = sourcecode.swift; path = fiftteenDayOne.swift; sourceTree = "<group>"; };
		082B95DC25793B040059C418 /* fiftteenDayTwo.swift */ = {isa = PBXFileReference; lastKnownFileType = sourcecode.swift; path = fiftteenDayTwo.swift; sourceTree = "<group>"; };
		082B95DF25793B3A0059C418 /* Inputs2015.swift */ = {isa = PBXFileReference; lastKnownFileType = sourcecode.swift; path = Inputs2015.swift; sourceTree = "<group>"; };
		083CB2932395193400801C5D /* nineteenDayOne.swift */ = {isa = PBXFileReference; lastKnownFileType = sourcecode.swift; path = nineteenDayOne.swift; sourceTree = "<group>"; };
		083CB2962395195A00801C5D /* nineteenDayOne.md */ = {isa = PBXFileReference; lastKnownFileType = net.daringfireball.markdown; path = nineteenDayOne.md; sourceTree = "<group>"; };
		086A21C1257A1EF6009A9D6F /* PassportProcessing.swift */ = {isa = PBXFileReference; lastKnownFileType = sourcecode.swift; path = PassportProcessing.swift; sourceTree = "<group>"; };
		08719AC625764ADC00804E6D /* Inputs2020.swift */ = {isa = PBXFileReference; lastKnownFileType = sourcecode.swift; path = Inputs2020.swift; sourceTree = "<group>"; };
		0879748F25777E010016B1A3 /* PasswordPolicy.swift */ = {isa = PBXFileReference; lastKnownFileType = sourcecode.swift; path = PasswordPolicy.swift; sourceTree = "<group>"; };
		0881448D257B74C1007B46C4 /* BinaryBoarding.swift */ = {isa = PBXFileReference; lastKnownFileType = sourcecode.swift; path = BinaryBoarding.swift; sourceTree = "<group>"; };
		08959FC023A3A42700A091C8 /* nineteenDayTwo.md */ = {isa = PBXFileReference; fileEncoding = 4; lastKnownFileType = net.daringfireball.markdown; path = nineteenDayTwo.md; sourceTree = "<group>"; };
		08959FC123A3A42700A091C8 /* nineteenDayTwo.swift */ = {isa = PBXFileReference; fileEncoding = 4; lastKnownFileType = sourcecode.swift; path = nineteenDayTwo.swift; sourceTree = "<group>"; };
		08959FC323A3A42C00A091C8 /* nineteenDayThree.md */ = {isa = PBXFileReference; fileEncoding = 4; lastKnownFileType = net.daringfireball.markdown; path = nineteenDayThree.md; sourceTree = "<group>"; };
		08959FC423A3A42C00A091C8 /* nineteenDayThree.swift */ = {isa = PBXFileReference; fileEncoding = 4; lastKnownFileType = sourcecode.swift; path = nineteenDayThree.swift; sourceTree = "<group>"; };
		08959FC623A3A43500A091C8 /* nineteenDayFour.md */ = {isa = PBXFileReference; lastKnownFileType = net.daringfireball.markdown; path = nineteenDayFour.md; sourceTree = "<group>"; };
		08959FC723A3A43800A091C8 /* Utils.swift */ = {isa = PBXFileReference; fileEncoding = 4; lastKnownFileType = sourcecode.swift; path = Utils.swift; sourceTree = "<group>"; };
		08A7CBDB25762DD9009C502C /* ExpenseReport.swift */ = {isa = PBXFileReference; lastKnownFileType = sourcecode.swift; path = ExpenseReport.swift; sourceTree = "<group>"; };
		08AFDB8B238FF6C500E72EAF /* AdventOfCode */ = {isa = PBXFileReference; explicitFileType = "compiled.mach-o.executable"; includeInIndex = 0; path = AdventOfCode; sourceTree = BUILT_PRODUCTS_DIR; };
		08AFDB8E238FF6C500E72EAF /* main.swift */ = {isa = PBXFileReference; lastKnownFileType = sourcecode.swift; path = main.swift; sourceTree = "<group>"; };
		08AFDB952390059A00E72EAF /* fifteenDayTwentyFive.swift */ = {isa = PBXFileReference; lastKnownFileType = sourcecode.swift; path = fifteenDayTwentyFive.swift; sourceTree = "<group>"; };
		08AFDB9823900E5E00E72EAF /* fifteenDayTwentyFive.md */ = {isa = PBXFileReference; lastKnownFileType = net.daringfireball.markdown; path = fifteenDayTwentyFive.md; sourceTree = "<group>"; };
		08BF442E239940A200674DEA /* nineteenDayFour.swift */ = {isa = PBXFileReference; lastKnownFileType = sourcecode.swift; path = nineteenDayFour.swift; sourceTree = "<group>"; };
/* End PBXFileReference section */

/* Begin PBXFrameworksBuildPhase section */
		08AFDB88238FF6C500E72EAF /* Frameworks */ = {
			isa = PBXFrameworksBuildPhase;
			buildActionMask = 2147483647;
			files = (
			);
			runOnlyForDeploymentPostprocessing = 0;
		};
/* End PBXFrameworksBuildPhase section */

/* Begin PBXGroup section */
		083CB2952395193B00801C5D /* 2019 */ = {
			isa = PBXGroup;
			children = (
				083CB2962395195A00801C5D /* nineteenDayOne.md */,
				083CB2932395193400801C5D /* nineteenDayOne.swift */,
				08959FC023A3A42700A091C8 /* nineteenDayTwo.md */,
				08959FC123A3A42700A091C8 /* nineteenDayTwo.swift */,
				08959FC323A3A42C00A091C8 /* nineteenDayThree.md */,
				08959FC423A3A42C00A091C8 /* nineteenDayThree.swift */,
				08959FC623A3A43500A091C8 /* nineteenDayFour.md */,
				08BF442E239940A200674DEA /* nineteenDayFour.swift */,
			);
			path = 2019;
			sourceTree = "<group>";
		};
		08A7CBD525762BC3009C502C /* 2020 */ = {
			isa = PBXGroup;
			children = (
				08A7CBDB25762DD9009C502C /* ExpenseReport.swift */,
				0879748F25777E010016B1A3 /* PasswordPolicy.swift */,
				082B95D42578CCFD0059C418 /* TobogganTrajectory.swift */,
				086A21C1257A1EF6009A9D6F /* PassportProcessing.swift */,
				0881448D257B74C1007B46C4 /* BinaryBoarding.swift */,
			);
			path = 2020;
			sourceTree = "<group>";
		};
		08A7CBE0257631A7009C502C /* Utils */ = {
			isa = PBXGroup;
			children = (
				08959FC723A3A43800A091C8 /* Utils.swift */,
				082B95DF25793B3A0059C418 /* Inputs2015.swift */,
				08719AC625764ADC00804E6D /* Inputs2020.swift */,
			);
			path = Utils;
			sourceTree = "<group>";
		};
		08AFDB82238FF6C500E72EAF = {
			isa = PBXGroup;
			children = (
				08AFDB8D238FF6C500E72EAF /* AdventOfCode */,
				08AFDB8C238FF6C500E72EAF /* Products */,
			);
			sourceTree = "<group>";
		};
		08AFDB8C238FF6C500E72EAF /* Products */ = {
			isa = PBXGroup;
			children = (
				08AFDB8B238FF6C500E72EAF /* AdventOfCode */,
			);
			name = Products;
			sourceTree = "<group>";
		};
		08AFDB8D238FF6C500E72EAF /* AdventOfCode */ = {
			isa = PBXGroup;
			children = (
				08AFDB8E238FF6C500E72EAF /* main.swift */,
				08A7CBE0257631A7009C502C /* Utils */,
				08AFDB97239005B800E72EAF /* 2015 */,
				083CB2952395193B00801C5D /* 2019 */,
				08A7CBD525762BC3009C502C /* 2020 */,
			);
			path = AdventOfCode;
			sourceTree = "<group>";
		};
		08AFDB97239005B800E72EAF /* 2015 */ = {
			isa = PBXGroup;
			children = (
				08AFDB9823900E5E00E72EAF /* fifteenDayTwentyFive.md */,
				08AFDB952390059A00E72EAF /* fifteenDayTwentyFive.swift */,
				082B95D925793AE30059C418 /* fiftteenDayOne.swift */,
				082B95DC25793B040059C418 /* fiftteenDayTwo.swift */,
			);
			path = 2015;
			sourceTree = "<group>";
		};
/* End PBXGroup section */

/* Begin PBXNativeTarget section */
		08AFDB8A238FF6C500E72EAF /* AdventOfCode */ = {
			isa = PBXNativeTarget;
			buildConfigurationList = 08AFDB92238FF6C500E72EAF /* Build configuration list for PBXNativeTarget "AdventOfCode" */;
			buildPhases = (
				08AFDB87238FF6C500E72EAF /* Sources */,
				08AFDB88238FF6C500E72EAF /* Frameworks */,
				08AFDB89238FF6C500E72EAF /* CopyFiles */,
			);
			buildRules = (
			);
			dependencies = (
			);
			name = AdventOfCode;
			productName = AdventOfCode;
			productReference = 08AFDB8B238FF6C500E72EAF /* AdventOfCode */;
			productType = "com.apple.product-type.tool";
		};
/* End PBXNativeTarget section */

/* Begin PBXProject section */
		08AFDB83238FF6C500E72EAF /* Project object */ = {
			isa = PBXProject;
			attributes = {
				LastSwiftUpdateCheck = 1220;
				LastUpgradeCheck = 1220;
				ORGANIZATIONNAME = "Pereira Orlando";
				TargetAttributes = {
					08AFDB8A238FF6C500E72EAF = {
						CreatedOnToolsVersion = 11.2.1;
					};
				};
			};
			buildConfigurationList = 08AFDB86238FF6C500E72EAF /* Build configuration list for PBXProject "AdventOfCode" */;
			compatibilityVersion = "Xcode 9.3";
			developmentRegion = en;
			hasScannedForEncodings = 0;
			knownRegions = (
				en,
				Base,
			);
			mainGroup = 08AFDB82238FF6C500E72EAF;
			productRefGroup = 08AFDB8C238FF6C500E72EAF /* Products */;
			projectDirPath = "";
			projectRoot = "";
			targets = (
				08AFDB8A238FF6C500E72EAF /* AdventOfCode */,
			);
		};
/* End PBXProject section */

/* Begin PBXSourcesBuildPhase section */
		08AFDB87238FF6C500E72EAF /* Sources */ = {
			isa = PBXSourcesBuildPhase;
			buildActionMask = 2147483647;
			files = (
				08BF442F239940A200674DEA /* nineteenDayFour.swift in Sources */,
				082B95D52578CCFD0059C418 /* TobogganTrajectory.swift in Sources */,
				08A7CBDC25762DD9009C502C /* ExpenseReport.swift in Sources */,
				086A21C2257A1EF6009A9D6F /* PassportProcessing.swift in Sources */,
				08959FC223A3A42700A091C8 /* nineteenDayTwo.swift in Sources */,
				08AFDB8F238FF6C500E72EAF /* main.swift in Sources */,
				0879749025777E010016B1A3 /* PasswordPolicy.swift in Sources */,
				08959FC823A3A43900A091C8 /* Utils.swift in Sources */,
				08719AC725764ADC00804E6D /* Inputs2020.swift in Sources */,
				082B95DA25793AE30059C418 /* fiftteenDayOne.swift in Sources */,
				0881448E257B74C1007B46C4 /* BinaryBoarding.swift in Sources */,
				08959FC523A3A42C00A091C8 /* nineteenDayThree.swift in Sources */,
				082B95DD25793B040059C418 /* fiftteenDayTwo.swift in Sources */,
				08AFDB962390059A00E72EAF /* fifteenDayTwentyFive.swift in Sources */,
				082B95E025793B3A0059C418 /* Inputs2015.swift in Sources */,
				083CB2942395193400801C5D /* nineteenDayOne.swift in Sources */,
			);
			runOnlyForDeploymentPostprocessing = 0;
		};
/* End PBXSourcesBuildPhase section */

/* Begin XCBuildConfiguration section */
		08AFDB90238FF6C500E72EAF /* Debug */ = {
			isa = XCBuildConfiguration;
			buildSettings = {
				ALWAYS_SEARCH_USER_PATHS = NO;
				CLANG_ANALYZER_NONNULL = YES;
				CLANG_ANALYZER_NUMBER_OBJECT_CONVERSION = YES_AGGRESSIVE;
				CLANG_CXX_LANGUAGE_STANDARD = "gnu++14";
				CLANG_CXX_LIBRARY = "libc++";
				CLANG_ENABLE_MODULES = YES;
				CLANG_ENABLE_OBJC_ARC = YES;
				CLANG_ENABLE_OBJC_WEAK = YES;
				CLANG_WARN_BLOCK_CAPTURE_AUTORELEASING = YES;
				CLANG_WARN_BOOL_CONVERSION = YES;
				CLANG_WARN_COMMA = YES;
				CLANG_WARN_CONSTANT_CONVERSION = YES;
				CLANG_WARN_DEPRECATED_OBJC_IMPLEMENTATIONS = YES;
				CLANG_WARN_DIRECT_OBJC_ISA_USAGE = YES_ERROR;
				CLANG_WARN_DOCUMENTATION_COMMENTS = YES;
				CLANG_WARN_EMPTY_BODY = YES;
				CLANG_WARN_ENUM_CONVERSION = YES;
				CLANG_WARN_INFINITE_RECURSION = YES;
				CLANG_WARN_INT_CONVERSION = YES;
				CLANG_WARN_NON_LITERAL_NULL_CONVERSION = YES;
				CLANG_WARN_OBJC_IMPLICIT_RETAIN_SELF = YES;
				CLANG_WARN_OBJC_LITERAL_CONVERSION = YES;
				CLANG_WARN_OBJC_ROOT_CLASS = YES_ERROR;
				CLANG_WARN_QUOTED_INCLUDE_IN_FRAMEWORK_HEADER = YES;
				CLANG_WARN_RANGE_LOOP_ANALYSIS = YES;
				CLANG_WARN_STRICT_PROTOTYPES = YES;
				CLANG_WARN_SUSPICIOUS_MOVE = YES;
				CLANG_WARN_UNGUARDED_AVAILABILITY = YES_AGGRESSIVE;
				CLANG_WARN_UNREACHABLE_CODE = YES;
				CLANG_WARN__DUPLICATE_METHOD_MATCH = YES;
				COPY_PHASE_STRIP = NO;
				DEBUG_INFORMATION_FORMAT = dwarf;
				ENABLE_STRICT_OBJC_MSGSEND = YES;
				ENABLE_TESTABILITY = YES;
				GCC_C_LANGUAGE_STANDARD = gnu11;
				GCC_DYNAMIC_NO_PIC = NO;
				GCC_NO_COMMON_BLOCKS = YES;
				GCC_OPTIMIZATION_LEVEL = 0;
				GCC_PREPROCESSOR_DEFINITIONS = (
					"DEBUG=1",
					"$(inherited)",
				);
				GCC_WARN_64_TO_32_BIT_CONVERSION = YES;
				GCC_WARN_ABOUT_RETURN_TYPE = YES_ERROR;
				GCC_WARN_UNDECLARED_SELECTOR = YES;
				GCC_WARN_UNINITIALIZED_AUTOS = YES_AGGRESSIVE;
				GCC_WARN_UNUSED_FUNCTION = YES;
				GCC_WARN_UNUSED_VARIABLE = YES;
				MACOSX_DEPLOYMENT_TARGET = 10.15;
				MTL_ENABLE_DEBUG_INFO = INCLUDE_SOURCE;
				MTL_FAST_MATH = YES;
				ONLY_ACTIVE_ARCH = YES;
				SDKROOT = macosx;
				SWIFT_ACTIVE_COMPILATION_CONDITIONS = DEBUG;
				SWIFT_OPTIMIZATION_LEVEL = "-Onone";
			};
			name = Debug;
		};
		08AFDB91238FF6C500E72EAF /* Release */ = {
			isa = XCBuildConfiguration;
			buildSettings = {
				ALWAYS_SEARCH_USER_PATHS = NO;
				CLANG_ANALYZER_NONNULL = YES;
				CLANG_ANALYZER_NUMBER_OBJECT_CONVERSION = YES_AGGRESSIVE;
				CLANG_CXX_LANGUAGE_STANDARD = "gnu++14";
				CLANG_CXX_LIBRARY = "libc++";
				CLANG_ENABLE_MODULES = YES;
				CLANG_ENABLE_OBJC_ARC = YES;
				CLANG_ENABLE_OBJC_WEAK = YES;
				CLANG_WARN_BLOCK_CAPTURE_AUTORELEASING = YES;
				CLANG_WARN_BOOL_CONVERSION = YES;
				CLANG_WARN_COMMA = YES;
				CLANG_WARN_CONSTANT_CONVERSION = YES;
				CLANG_WARN_DEPRECATED_OBJC_IMPLEMENTATIONS = YES;
				CLANG_WARN_DIRECT_OBJC_ISA_USAGE = YES_ERROR;
				CLANG_WARN_DOCUMENTATION_COMMENTS = YES;
				CLANG_WARN_EMPTY_BODY = YES;
				CLANG_WARN_ENUM_CONVERSION = YES;
				CLANG_WARN_INFINITE_RECURSION = YES;
				CLANG_WARN_INT_CONVERSION = YES;
				CLANG_WARN_NON_LITERAL_NULL_CONVERSION = YES;
				CLANG_WARN_OBJC_IMPLICIT_RETAIN_SELF = YES;
				CLANG_WARN_OBJC_LITERAL_CONVERSION = YES;
				CLANG_WARN_OBJC_ROOT_CLASS = YES_ERROR;
				CLANG_WARN_QUOTED_INCLUDE_IN_FRAMEWORK_HEADER = YES;
				CLANG_WARN_RANGE_LOOP_ANALYSIS = YES;
				CLANG_WARN_STRICT_PROTOTYPES = YES;
				CLANG_WARN_SUSPICIOUS_MOVE = YES;
				CLANG_WARN_UNGUARDED_AVAILABILITY = YES_AGGRESSIVE;
				CLANG_WARN_UNREACHABLE_CODE = YES;
				CLANG_WARN__DUPLICATE_METHOD_MATCH = YES;
				COPY_PHASE_STRIP = NO;
				DEBUG_INFORMATION_FORMAT = "dwarf-with-dsym";
				ENABLE_NS_ASSERTIONS = NO;
				ENABLE_STRICT_OBJC_MSGSEND = YES;
				ENABLE_TESTABILITY = YES;
				GCC_C_LANGUAGE_STANDARD = gnu11;
				GCC_NO_COMMON_BLOCKS = YES;
				GCC_WARN_64_TO_32_BIT_CONVERSION = YES;
				GCC_WARN_ABOUT_RETURN_TYPE = YES_ERROR;
				GCC_WARN_UNDECLARED_SELECTOR = YES;
				GCC_WARN_UNINITIALIZED_AUTOS = YES_AGGRESSIVE;
				GCC_WARN_UNUSED_FUNCTION = YES;
				GCC_WARN_UNUSED_VARIABLE = YES;
				MACOSX_DEPLOYMENT_TARGET = 10.15;
				MTL_ENABLE_DEBUG_INFO = NO;
				MTL_FAST_MATH = YES;
				ONLY_ACTIVE_ARCH = YES;
				SDKROOT = macosx;
				SWIFT_COMPILATION_MODE = wholemodule;
				SWIFT_OPTIMIZATION_LEVEL = "-O";
			};
			name = Release;
		};
		08AFDB93238FF6C500E72EAF /* Debug */ = {
			isa = XCBuildConfiguration;
			buildSettings = {
				CODE_SIGN_IDENTITY = "-";
				CODE_SIGN_STYLE = Automatic;
				PRODUCT_NAME = "$(TARGET_NAME)";
				SWIFT_VERSION = 5.0;
			};
			name = Debug;
		};
		08AFDB94238FF6C500E72EAF /* Release */ = {
			isa = XCBuildConfiguration;
			buildSettings = {
				CODE_SIGN_IDENTITY = "-";
				CODE_SIGN_STYLE = Automatic;
				PRODUCT_NAME = "$(TARGET_NAME)";
				SWIFT_VERSION = 5.0;
			};
			name = Release;
		};
/* End XCBuildConfiguration section */

/* Begin XCConfigurationList section */
		08AFDB86238FF6C500E72EAF /* Build configuration list for PBXProject "AdventOfCode" */ = {
			isa = XCConfigurationList;
			buildConfigurations = (
				08AFDB90238FF6C500E72EAF /* Debug */,
				08AFDB91238FF6C500E72EAF /* Release */,
			);
			defaultConfigurationIsVisible = 0;
			defaultConfigurationName = Release;
		};
		08AFDB92238FF6C500E72EAF /* Build configuration list for PBXNativeTarget "AdventOfCode" */ = {
			isa = XCConfigurationList;
			buildConfigurations = (
				08AFDB93238FF6C500E72EAF /* Debug */,
				08AFDB94238FF6C500E72EAF /* Release */,
			);
			defaultConfigurationIsVisible = 0;
			defaultConfigurationName = Release;
		};
/* End XCConfigurationList section */
	};
	rootObject = 08AFDB83238FF6C500E72EAF /* Project object */;
}
